
Microsoft Visual Studio Solution File, Format Version 12.00
# Visual Studio Version 17
VisualStudioVersion = 17.2.32602.215
MinimumVisualStudioVersion = 10.0.40219.1
Project("{9A19103F-16F7-4668-BE54-9A1E7A4F7556}") = "secure-ftp-service", "secure-ftp-service\secure-ftp-service.csproj", "{B928B803-74B0-4386-A56C-E6771D1F3BC4}"
EndProject
Project("{2150E333-8FDC-42A3-9474-1A3956D46DE8}") = "Solution Items", "Solution Items", "{E6034EEA-01B5-4EB2-B96C-AD384A66EC4E}"
	ProjectSection(SolutionItems) = preProject
		.editorconfig = .editorconfig
	EndProjectSection
EndProject
Global
	GlobalSection(SolutionConfigurationPlatforms) = preSolution
		Debug|Any CPU = Debug|Any CPU
		Release|Any CPU = Release|Any CPU
	EndGlobalSection
	GlobalSection(ProjectConfigurationPlatforms) = postSolution
		{B928B803-74B0-4386-A56C-E6771D1F3BC4}.Debug|Any CPU.ActiveCfg = Debug|Any CPU
		{B928B803-74B0-4386-A56C-E6771D1F3BC4}.Debug|Any CPU.Build.0 = Debug|Any CPU
		{B928B803-74B0-4386-A56C-E6771D1F3BC4}.Release|Any CPU.ActiveCfg = Release|Any CPU
		{B928B803-74B0-4386-A56C-E6771D1F3BC4}.Release|Any CPU.Build.0 = Release|Any CPU
	EndGlobalSection
	GlobalSection(SolutionProperties) = preSolution
		HideSolutionNode = FALSE
	EndGlobalSection
	GlobalSection(ExtensibilityGlobals) = postSolution
		SolutionGuid = {1586D779-7560-4D0F-B302-C393F874E27C}
	EndGlobalSection
EndGlobal
